// !$*UTF8*$!
{
	archiveVersion = 1;
	classes = {
	};
	objectVersion = 46;
	objects = {

/* Begin PBXBuildFile section */
		25F3A8DC2D137A8915E9C7C6 /* Pods_TrapsAndTreasures.framework in Frameworks */ = {isa = PBXBuildFile; fileRef = 06BD88CBED83AC298CD17348 /* Pods_TrapsAndTreasures.framework */; };
		D018626C1EAC3E0C005F6409 /* SplashScreenController.swift in Sources */ = {isa = PBXBuildFile; fileRef = D018626B1EAC3E0C005F6409 /* SplashScreenController.swift */; };
		D01862701EAC433B005F6409 /* tnt.png in Resources */ = {isa = PBXBuildFile; fileRef = D018626F1EAC433B005F6409 /* tnt.png */; };
		D01ECF7E1EB28782000D7D84 /* GameWorld.swift in Sources */ = {isa = PBXBuildFile; fileRef = D01ECF7D1EB28782000D7D84 /* GameWorld.swift */; };
		D01ECF801EB288EB000D7D84 /* Tile.swift in Sources */ = {isa = PBXBuildFile; fileRef = D01ECF7F1EB288EB000D7D84 /* Tile.swift */; };
		D0547BA71EA955F5007847F9 /* GameplayController.swift in Sources */ = {isa = PBXBuildFile; fileRef = D0547BA61EA955F5007847F9 /* GameplayController.swift */; };
		D0547BA91EA95C75007847F9 /* Player.swift in Sources */ = {isa = PBXBuildFile; fileRef = D0547BA81EA95C75007847F9 /* Player.swift */; };
		D06074A81EA856BF0072833D /* AppDelegate.swift in Sources */ = {isa = PBXBuildFile; fileRef = D06074A71EA856BF0072833D /* AppDelegate.swift */; };
		D06074AA1EA856BF0072833D /* StartScreenController.swift in Sources */ = {isa = PBXBuildFile; fileRef = D06074A91EA856BF0072833D /* StartScreenController.swift */; };
		D06074AD1EA856BF0072833D /* Main.storyboard in Resources */ = {isa = PBXBuildFile; fileRef = D06074AB1EA856BF0072833D /* Main.storyboard */; };
		D06074AF1EA856BF0072833D /* Assets.xcassets in Resources */ = {isa = PBXBuildFile; fileRef = D06074AE1EA856BF0072833D /* Assets.xcassets */; };
		D06074B21EA856BF0072833D /* LaunchScreen.storyboard in Resources */ = {isa = PBXBuildFile; fileRef = D06074B01EA856BF0072833D /* LaunchScreen.storyboard */; };
/* End PBXBuildFile section */

/* Begin PBXFileReference section */
		06BD88CBED83AC298CD17348 /* Pods_TrapsAndTreasures.framework */ = {isa = PBXFileReference; explicitFileType = wrapper.framework; includeInIndex = 0; path = Pods_TrapsAndTreasures.framework; sourceTree = BUILT_PRODUCTS_DIR; };
		49E85BE6DCBD842345642553 /* Pods-TrapsAndTreasures.debug.xcconfig */ = {isa = PBXFileReference; includeInIndex = 1; lastKnownFileType = text.xcconfig; name = "Pods-TrapsAndTreasures.debug.xcconfig"; path = "Pods/Target Support Files/Pods-TrapsAndTreasures/Pods-TrapsAndTreasures.debug.xcconfig"; sourceTree = "<group>"; };
		9987BE8AB43A92DD3B525BD7 /* Pods-TrapsAndTreasures.release.xcconfig */ = {isa = PBXFileReference; includeInIndex = 1; lastKnownFileType = text.xcconfig; name = "Pods-TrapsAndTreasures.release.xcconfig"; path = "Pods/Target Support Files/Pods-TrapsAndTreasures/Pods-TrapsAndTreasures.release.xcconfig"; sourceTree = "<group>"; };
		D018626B1EAC3E0C005F6409 /* SplashScreenController.swift */ = {isa = PBXFileReference; fileEncoding = 4; lastKnownFileType = sourcecode.swift; path = SplashScreenController.swift; sourceTree = "<group>"; };
		D018626F1EAC433B005F6409 /* tnt.png */ = {isa = PBXFileReference; lastKnownFileType = image.png; name = tnt.png; path = ../tnt.png; sourceTree = "<group>"; };
		D01ECF7D1EB28782000D7D84 /* GameWorld.swift */ = {isa = PBXFileReference; fileEncoding = 4; lastKnownFileType = sourcecode.swift; path = GameWorld.swift; sourceTree = "<group>"; };
		D01ECF7F1EB288EB000D7D84 /* Tile.swift */ = {isa = PBXFileReference; fileEncoding = 4; lastKnownFileType = sourcecode.swift; path = Tile.swift; sourceTree = "<group>"; };
		D0547BA61EA955F5007847F9 /* GameplayController.swift */ = {isa = PBXFileReference; fileEncoding = 4; lastKnownFileType = sourcecode.swift; path = GameplayController.swift; sourceTree = "<group>"; };
		D0547BA81EA95C75007847F9 /* Player.swift */ = {isa = PBXFileReference; fileEncoding = 4; lastKnownFileType = sourcecode.swift; path = Player.swift; sourceTree = "<group>"; };
		D06074A41EA856BF0072833D /* TrapsAndTreasures.app */ = {isa = PBXFileReference; explicitFileType = wrapper.application; includeInIndex = 0; path = TrapsAndTreasures.app; sourceTree = BUILT_PRODUCTS_DIR; };
		D06074A71EA856BF0072833D /* AppDelegate.swift */ = {isa = PBXFileReference; lastKnownFileType = sourcecode.swift; path = AppDelegate.swift; sourceTree = "<group>"; };
		D06074A91EA856BF0072833D /* StartScreenController.swift */ = {isa = PBXFileReference; lastKnownFileType = sourcecode.swift; path = StartScreenController.swift; sourceTree = "<group>"; };
		D06074AC1EA856BF0072833D /* Base */ = {isa = PBXFileReference; lastKnownFileType = file.storyboard; name = Base; path = Base.lproj/Main.storyboard; sourceTree = "<group>"; };
		D06074AE1EA856BF0072833D /* Assets.xcassets */ = {isa = PBXFileReference; lastKnownFileType = folder.assetcatalog; path = Assets.xcassets; sourceTree = "<group>"; };
		D06074B11EA856BF0072833D /* Base */ = {isa = PBXFileReference; lastKnownFileType = file.storyboard; name = Base; path = Base.lproj/LaunchScreen.storyboard; sourceTree = "<group>"; };
		D06074B31EA856BF0072833D /* Info.plist */ = {isa = PBXFileReference; lastKnownFileType = text.plist.xml; path = Info.plist; sourceTree = "<group>"; };
/* End PBXFileReference section */

/* Begin PBXFrameworksBuildPhase section */
		D06074A11EA856BF0072833D /* Frameworks */ = {
			isa = PBXFrameworksBuildPhase;
			buildActionMask = 2147483647;
			files = (
				25F3A8DC2D137A8915E9C7C6 /* Pods_TrapsAndTreasures.framework in Frameworks */,
			);
			runOnlyForDeploymentPostprocessing = 0;
		};
/* End PBXFrameworksBuildPhase section */

/* Begin PBXGroup section */
		462127B3AA4AF177B6D0AE6C /* Frameworks */ = {
			isa = PBXGroup;
			children = (
				06BD88CBED83AC298CD17348 /* Pods_TrapsAndTreasures.framework */,
			);
			name = Frameworks;
			sourceTree = "<group>";
		};
		A0878F7941CCAE27265ACA44 /* Pods */ = {
			isa = PBXGroup;
			children = (
				49E85BE6DCBD842345642553 /* Pods-TrapsAndTreasures.debug.xcconfig */,
				9987BE8AB43A92DD3B525BD7 /* Pods-TrapsAndTreasures.release.xcconfig */,
			);
			name = Pods;
			sourceTree = "<group>";
		};
		D060749B1EA856BF0072833D = {
			isa = PBXGroup;
			children = (
				D018626F1EAC433B005F6409 /* tnt.png */,
				D06074A61EA856BF0072833D /* TrapsAndTreasures */,
				D06074A51EA856BF0072833D /* Products */,
				A0878F7941CCAE27265ACA44 /* Pods */,
				462127B3AA4AF177B6D0AE6C /* Frameworks */,
			);
			sourceTree = "<group>";
		};
		D06074A51EA856BF0072833D /* Products */ = {
			isa = PBXGroup;
			children = (
				D06074A41EA856BF0072833D /* TrapsAndTreasures.app */,
			);
			name = Products;
			sourceTree = "<group>";
		};
		D06074A61EA856BF0072833D /* TrapsAndTreasures */ = {
			isa = PBXGroup;
			children = (
				D06074A71EA856BF0072833D /* AppDelegate.swift */,
				D06074A91EA856BF0072833D /* StartScreenController.swift */,
				D018626B1EAC3E0C005F6409 /* SplashScreenController.swift */,
				D0547BA61EA955F5007847F9 /* GameplayController.swift */,
				D01ECF7D1EB28782000D7D84 /* GameWorld.swift */,
				D01ECF7F1EB288EB000D7D84 /* Tile.swift */,
				D0547BA81EA95C75007847F9 /* Player.swift */,
				D06074AB1EA856BF0072833D /* Main.storyboard */,
				D06074AE1EA856BF0072833D /* Assets.xcassets */,
				D06074B01EA856BF0072833D /* LaunchScreen.storyboard */,
				D06074B31EA856BF0072833D /* Info.plist */,
			);
			path = TrapsAndTreasures;
			sourceTree = "<group>";
		};
/* End PBXGroup section */

/* Begin PBXNativeTarget section */
		D06074A31EA856BF0072833D /* TrapsAndTreasures */ = {
			isa = PBXNativeTarget;
			buildConfigurationList = D06074B61EA856BF0072833D /* Build configuration list for PBXNativeTarget "TrapsAndTreasures" */;
			buildPhases = (
				B1D53DF3CCDA7AD9F1C89796 /* [CP] Check Pods Manifest.lock */,
				D06074A01EA856BF0072833D /* Sources */,
				D06074A11EA856BF0072833D /* Frameworks */,
				D06074A21EA856BF0072833D /* Resources */,
				15F2CD638C7AF4AC72DC69FD /* [CP] Embed Pods Frameworks */,
				F4C1BC8D6530E76D87EF4533 /* [CP] Copy Pods Resources */,
			);
			buildRules = (
			);
			dependencies = (
			);
			name = TrapsAndTreasures;
			productName = TrapsAndTreasures;
			productReference = D06074A41EA856BF0072833D /* TrapsAndTreasures.app */;
			productType = "com.apple.product-type.application";
		};
/* End PBXNativeTarget section */

/* Begin PBXProject section */
		D060749C1EA856BF0072833D /* Project object */ = {
			isa = PBXProject;
			attributes = {
				LastSwiftUpdateCheck = 0820;
				LastUpgradeCheck = 0820;
				ORGANIZATIONNAME = "Justin Tappert";
				TargetAttributes = {
					D06074A31EA856BF0072833D = {
						CreatedOnToolsVersion = 8.2.1;
						DevelopmentTeam = 5RAB5T5U95;
						ProvisioningStyle = Automatic;
					};
				};
			};
			buildConfigurationList = D060749F1EA856BF0072833D /* Build configuration list for PBXProject "TrapsAndTreasures" */;
			compatibilityVersion = "Xcode 3.2";
			developmentRegion = English;
			hasScannedForEncodings = 0;
			knownRegions = (
				en,
				Base,
			);
			mainGroup = D060749B1EA856BF0072833D;
			productRefGroup = D06074A51EA856BF0072833D /* Products */;
			projectDirPath = "";
			projectRoot = "";
			targets = (
				D06074A31EA856BF0072833D /* TrapsAndTreasures */,
			);
		};
/* End PBXProject section */

/* Begin PBXResourcesBuildPhase section */
		D06074A21EA856BF0072833D /* Resources */ = {
			isa = PBXResourcesBuildPhase;
			buildActionMask = 2147483647;
			files = (
				D01862701EAC433B005F6409 /* tnt.png in Resources */,
				D06074B21EA856BF0072833D /* LaunchScreen.storyboard in Resources */,
				D06074AF1EA856BF0072833D /* Assets.xcassets in Resources */,
				D06074AD1EA856BF0072833D /* Main.storyboard in Resources */,
			);
			runOnlyForDeploymentPostprocessing = 0;
		};
/* End PBXResourcesBuildPhase section */

/* Begin PBXShellScriptBuildPhase section */
		15F2CD638C7AF4AC72DC69FD /* [CP] Embed Pods Frameworks */ = {
			isa = PBXShellScriptBuildPhase;
			buildActionMask = 2147483647;
			files = (
			);
			inputPaths = (
			);
			name = "[CP] Embed Pods Frameworks";
			outputPaths = (
			);
			runOnlyForDeploymentPostprocessing = 0;
			shellPath = /bin/sh;
			shellScript = "\"${SRCROOT}/Pods/Target Support Files/Pods-TrapsAndTreasures/Pods-TrapsAndTreasures-frameworks.sh\"\n";
			showEnvVarsInLog = 0;
		};
		B1D53DF3CCDA7AD9F1C89796 /* [CP] Check Pods Manifest.lock */ = {
			isa = PBXShellScriptBuildPhase;
			buildActionMask = 2147483647;
			files = (
			);
			inputPaths = (
			);
			name = "[CP] Check Pods Manifest.lock";
			outputPaths = (
			);
			runOnlyForDeploymentPostprocessing = 0;
			shellPath = /bin/sh;
			shellScript = "diff \"${PODS_PODFILE_DIR_PATH}/Podfile.lock\" \"${PODS_ROOT}/Manifest.lock\" > /dev/null\nif [ $? != 0 ] ; then\n    # print error to STDERR\n    echo \"error: The sandbox is not in sync with the Podfile.lock. Run 'pod install' or update your CocoaPods installation.\" >&2\n    exit 1\nfi\n";
			showEnvVarsInLog = 0;
		};
		F4C1BC8D6530E76D87EF4533 /* [CP] Copy Pods Resources */ = {
			isa = PBXShellScriptBuildPhase;
			buildActionMask = 2147483647;
			files = (
			);
			inputPaths = (
			);
			name = "[CP] Copy Pods Resources";
			outputPaths = (
			);
			runOnlyForDeploymentPostprocessing = 0;
			shellPath = /bin/sh;
			shellScript = "\"${SRCROOT}/Pods/Target Support Files/Pods-TrapsAndTreasures/Pods-TrapsAndTreasures-resources.sh\"\n";
			showEnvVarsInLog = 0;
		};
/* End PBXShellScriptBuildPhase section */

/* Begin PBXSourcesBuildPhase section */
		D06074A01EA856BF0072833D /* Sources */ = {
			isa = PBXSourcesBuildPhase;
			buildActionMask = 2147483647;
			files = (
				D0547BA91EA95C75007847F9 /* Player.swift in Sources */,
				D06074AA1EA856BF0072833D /* StartScreenController.swift in Sources */,
				D0547BA71EA955F5007847F9 /* GameplayController.swift in Sources */,
				D01ECF801EB288EB000D7D84 /* Tile.swift in Sources */,
				D018626C1EAC3E0C005F6409 /* SplashScreenController.swift in Sources */,
				D01ECF7E1EB28782000D7D84 /* GameWorld.swift in Sources */,
				D06074A81EA856BF0072833D /* AppDelegate.swift in Sources */,
			);
			runOnlyForDeploymentPostprocessing = 0;
		};
/* End PBXSourcesBuildPhase section */

/* Begin PBXVariantGroup section */
		D06074AB1EA856BF0072833D /* Main.storyboard */ = {
			isa = PBXVariantGroup;
			children = (
				D06074AC1EA856BF0072833D /* Base */,
			);
			name = Main.storyboard;
			sourceTree = "<group>";
		};
		D06074B01EA856BF0072833D /* LaunchScreen.storyboard */ = {
			isa = PBXVariantGroup;
			children = (
				D06074B11EA856BF0072833D /* Base */,
			);
			name = LaunchScreen.storyboard;
			sourceTree = "<group>";
		};
/* End PBXVariantGroup section */

/* Begin XCBuildConfiguration section */
		D06074B41EA856BF0072833D /* Debug */ = {
			isa = XCBuildConfiguration;
			buildSettings = {
				ALWAYS_SEARCH_USER_PATHS = NO;
				CLANG_ANALYZER_NONNULL = YES;
				CLANG_CXX_LANGUAGE_STANDARD = "gnu++0x";
				CLANG_CXX_LIBRARY = "libc++";
				CLANG_ENABLE_MODULES = YES;
				CLANG_ENABLE_OBJC_ARC = YES;
				CLANG_WARN_BOOL_CONVERSION = YES;
				CLANG_WARN_CONSTANT_CONVERSION = YES;
				CLANG_WARN_DIRECT_OBJC_ISA_USAGE = YES_ERROR;
				CLANG_WARN_DOCUMENTATION_COMMENTS = YES;
				CLANG_WARN_EMPTY_BODY = YES;
				CLANG_WARN_ENUM_CONVERSION = YES;
				CLANG_WARN_INFINITE_RECURSION = YES;
				CLANG_WARN_INT_CONVERSION = YES;
				CLANG_WARN_OBJC_ROOT_CLASS = YES_ERROR;
				CLANG_WARN_SUSPICIOUS_MOVE = YES;
				CLANG_WARN_UNREACHABLE_CODE = YES;
				CLANG_WARN__DUPLICATE_METHOD_MATCH = YES;
				"CODE_SIGN_IDENTITY[sdk=iphoneos*]" = "iPhone Developer";
				COPY_PHASE_STRIP = NO;
				DEBUG_INFORMATION_FORMAT = dwarf;
				ENABLE_STRICT_OBJC_MSGSEND = YES;
				ENABLE_TESTABILITY = YES;
				GCC_C_LANGUAGE_STANDARD = gnu99;
				GCC_DYNAMIC_NO_PIC = NO;
				GCC_NO_COMMON_BLOCKS = YES;
				GCC_OPTIMIZATION_LEVEL = 0;
				GCC_PREPROCESSOR_DEFINITIONS = (
					"DEBUG=1",
					"$(inherited)",
				);
				GCC_WARN_64_TO_32_BIT_CONVERSION = YES;
				GCC_WARN_ABOUT_RETURN_TYPE = YES_ERROR;
				GCC_WARN_UNDECLARED_SELECTOR = YES;
				GCC_WARN_UNINITIALIZED_AUTOS = YES_AGGRESSIVE;
				GCC_WARN_UNUSED_FUNCTION = YES;
				GCC_WARN_UNUSED_VARIABLE = YES;
				IPHONEOS_DEPLOYMENT_TARGET = 10.2;
				MTL_ENABLE_DEBUG_INFO = YES;
				ONLY_ACTIVE_ARCH = YES;
				SDKROOT = iphoneos;
				SWIFT_ACTIVE_COMPILATION_CONDITIONS = DEBUG;
				SWIFT_OPTIMIZATION_LEVEL = "-Onone";
				TARGETED_DEVICE_FAMILY = "1,2";
			};
			name = Debug;
		};
		D06074B51EA856BF0072833D /* Release */ = {
			isa = XCBuildConfiguration;
			buildSettings = {
				ALWAYS_SEARCH_USER_PATHS = NO;
				CLANG_ANALYZER_NONNULL = YES;
				CLANG_CXX_LANGUAGE_STANDARD = "gnu++0x";
				CLANG_CXX_LIBRARY = "libc++";
				CLANG_ENABLE_MODULES = YES;
				CLANG_ENABLE_OBJC_ARC = YES;
				CLANG_WARN_BOOL_CONVERSION = YES;
				CLANG_WARN_CONSTANT_CONVERSION = YES;
				CLANG_WARN_DIRECT_OBJC_ISA_USAGE = YES_ERROR;
				CLANG_WARN_DOCUMENTATION_COMMENTS = YES;
				CLANG_WARN_EMPTY_BODY = YES;
				CLANG_WARN_ENUM_CONVERSION = YES;
				CLANG_WARN_INFINITE_RECURSION = YES;
				CLANG_WARN_INT_CONVERSION = YES;
				CLANG_WARN_OBJC_ROOT_CLASS = YES_ERROR;
				CLANG_WARN_SUSPICIOUS_MOVE = YES;
				CLANG_WARN_UNREACHABLE_CODE = YES;
				CLANG_WARN__DUPLICATE_METHOD_MATCH = YES;
				"CODE_SIGN_IDENTITY[sdk=iphoneos*]" = "iPhone Developer";
				COPY_PHASE_STRIP = NO;
				DEBUG_INFORMATION_FORMAT = "dwarf-with-dsym";
				ENABLE_NS_ASSERTIONS = NO;
				ENABLE_STRICT_OBJC_MSGSEND = YES;
				GCC_C_LANGUAGE_STANDARD = gnu99;
				GCC_NO_COMMON_BLOCKS = YES;
				GCC_WARN_64_TO_32_BIT_CONVERSION = YES;
				GCC_WARN_ABOUT_RETURN_TYPE = YES_ERROR;
				GCC_WARN_UNDECLARED_SELECTOR = YES;
				GCC_WARN_UNINITIALIZED_AUTOS = YES_AGGRESSIVE;
				GCC_WARN_UNUSED_FUNCTION = YES;
				GCC_WARN_UNUSED_VARIABLE = YES;
				IPHONEOS_DEPLOYMENT_TARGET = 10.2;
				MTL_ENABLE_DEBUG_INFO = NO;
				SDKROOT = iphoneos;
				SWIFT_OPTIMIZATION_LEVEL = "-Owholemodule";
				TARGETED_DEVICE_FAMILY = "1,2";
				VALIDATE_PRODUCT = YES;
			};
			name = Release;
		};
		D06074B71EA856BF0072833D /* Debug */ = {
			isa = XCBuildConfiguration;
			baseConfigurationReference = 49E85BE6DCBD842345642553 /* Pods-TrapsAndTreasures.debug.xcconfig */;
			buildSettings = {
				ASSETCATALOG_COMPILER_APPICON_NAME = AppIcon;
				DEVELOPMENT_TEAM = 5RAB5T5U95;
				INFOPLIST_FILE = TrapsAndTreasures/Info.plist;
				LD_RUNPATH_SEARCH_PATHS = "$(inherited) @executable_path/Frameworks";
				PRODUCT_BUNDLE_IDENTIFIER = "edu.osucascades.cs496.TrapsAndTreasures-";
				PRODUCT_NAME = "$(TARGET_NAME)";
				SWIFT_VERSION = 3.0;
			};
			name = Debug;
		};
		D06074B81EA856BF0072833D /* Release */ = {
			isa = XCBuildConfiguration;
			baseConfigurationReference = 9987BE8AB43A92DD3B525BD7 /* Pods-TrapsAndTreasures.release.xcconfig */;
			buildSettings = {
				ASSETCATALOG_COMPILER_APPICON_NAME = AppIcon;
				DEVELOPMENT_TEAM = 5RAB5T5U95;
				INFOPLIST_FILE = TrapsAndTreasures/Info.plist;
				LD_RUNPATH_SEARCH_PATHS = "$(inherited) @executable_path/Frameworks";
				PRODUCT_BUNDLE_IDENTIFIER = "edu.osucascades.cs496.TrapsAndTreasures-";
				PRODUCT_NAME = "$(TARGET_NAME)";
				SWIFT_VERSION = 3.0;
			};
			name = Release;
		};
/* End XCBuildConfiguration section */

/* Begin XCConfigurationList section */
		D060749F1EA856BF0072833D /* Build configuration list for PBXProject "TrapsAndTreasures" */ = {
			isa = XCConfigurationList;
			buildConfigurations = (
				D06074B41EA856BF0072833D /* Debug */,
				D06074B51EA856BF0072833D /* Release */,
			);
			defaultConfigurationIsVisible = 0;
			defaultConfigurationName = Release;
		};
		D06074B61EA856BF0072833D /* Build configuration list for PBXNativeTarget "TrapsAndTreasures" */ = {
			isa = XCConfigurationList;
			buildConfigurations = (
				D06074B71EA856BF0072833D /* Debug */,
				D06074B81EA856BF0072833D /* Release */,
			);
			defaultConfigurationIsVisible = 0;
			defaultConfigurationName = Release;
		};
/* End XCConfigurationList section */
	};
	rootObject = D060749C1EA856BF0072833D /* Project object */;
}
